// !$*UTF8*$!
{
	archiveVersion = 1;
	classes = {
	};
	objectVersion = 55;
	objects = {

/* Begin PBXBuildFile section */
		33FCCFC6B3A74A404D24D33E /* Pods_DaangnMarket_iOS.framework in Frameworks */ = {isa = PBXBuildFile; fileRef = B7F05D5C0545EAFEED63B9D6 /* Pods_DaangnMarket_iOS.framework */; };
		8E6146D12834BC4C0032D8FF /* PhotoDataModel.swift in Sources */ = {isa = PBXBuildFile; fileRef = 8E6146D02834BC4C0032D8FF /* PhotoDataModel.swift */; };
		8EBAFFE22834F983003A8278 /* AddPhotoCVC.swift in Sources */ = {isa = PBXBuildFile; fileRef = 8EBAFFE12834F983003A8278 /* AddPhotoCVC.swift */; };
		8EBAFFE42834F9AA003A8278 /* ListPhotoCVC.swift in Sources */ = {isa = PBXBuildFile; fileRef = 8EBAFFE32834F9A9003A8278 /* ListPhotoCVC.swift */; };
		EBB25F7528311102001416D8 /* AppDelegate.swift in Sources */ = {isa = PBXBuildFile; fileRef = EBB25F7428311102001416D8 /* AppDelegate.swift */; };
		EBB25F7728311102001416D8 /* SceneDelegate.swift in Sources */ = {isa = PBXBuildFile; fileRef = EBB25F7628311102001416D8 /* SceneDelegate.swift */; };
		EBB25F7E28311103001416D8 /* Assets.xcassets in Resources */ = {isa = PBXBuildFile; fileRef = EBB25F7D28311103001416D8 /* Assets.xcassets */; };
		EBB25F8128311103001416D8 /* LaunchScreen.storyboard in Resources */ = {isa = PBXBuildFile; fileRef = EBB25F7F28311103001416D8 /* LaunchScreen.storyboard */; };
		EBB25FA828311911001416D8 /* UIView+.swift in Sources */ = {isa = PBXBuildFile; fileRef = EBB25FA728311911001416D8 /* UIView+.swift */; };
		EBB25FAA28311926001416D8 /* UIStackView+.swift in Sources */ = {isa = PBXBuildFile; fileRef = EBB25FA928311926001416D8 /* UIStackView+.swift */; };
		EBB25FAC28311937001416D8 /* UITextField+.swift in Sources */ = {isa = PBXBuildFile; fileRef = EBB25FAB28311937001416D8 /* UITextField+.swift */; };
		EBB25FAE2831194A001416D8 /* UILabel+.swift in Sources */ = {isa = PBXBuildFile; fileRef = EBB25FAD2831194A001416D8 /* UILabel+.swift */; };
		EBB25FB028311956001416D8 /* Reactive+.swift in Sources */ = {isa = PBXBuildFile; fileRef = EBB25FAF28311956001416D8 /* Reactive+.swift */; };
		EBB25FB228311D18001416D8 /* UIButton+.swift in Sources */ = {isa = PBXBuildFile; fileRef = EBB25FB128311D18001416D8 /* UIButton+.swift */; };
		EBB25FB428311D4E001416D8 /* UIColor+.swift in Sources */ = {isa = PBXBuildFile; fileRef = EBB25FB328311D4E001416D8 /* UIColor+.swift */; };
		EBB25FB628311D65001416D8 /* UIFont+.swift in Sources */ = {isa = PBXBuildFile; fileRef = EBB25FB528311D65001416D8 /* UIFont+.swift */; };
		EBB25FBA28311DE1001416D8 /* UITabBar+.swift in Sources */ = {isa = PBXBuildFile; fileRef = EBB25FB928311DE1001416D8 /* UITabBar+.swift */; };
		EBB25FBC28311DF4001416D8 /* UITableView+.swift in Sources */ = {isa = PBXBuildFile; fileRef = EBB25FBB28311DF4001416D8 /* UITableView+.swift */; };
		EBB25FBE28311E38001416D8 /* UITextView+.swift in Sources */ = {isa = PBXBuildFile; fileRef = EBB25FBD28311E38001416D8 /* UITextView+.swift */; };
		EBB25FC028311E72001416D8 /* UIViewController+.swift in Sources */ = {isa = PBXBuildFile; fileRef = EBB25FBF28311E72001416D8 /* UIViewController+.swift */; };
		EBB25FC228311E95001416D8 /* UserDefaults+.swift in Sources */ = {isa = PBXBuildFile; fileRef = EBB25FC128311E95001416D8 /* UserDefaults+.swift */; };
		EBB25FC428311EAD001416D8 /* String+.swift in Sources */ = {isa = PBXBuildFile; fileRef = EBB25FC328311EAD001416D8 /* String+.swift */; };
		EBB25FD22831D7D2001416D8 /* UIDevice+.swift in Sources */ = {isa = PBXBuildFile; fileRef = EBB25FD12831D7D2001416D8 /* UIDevice+.swift */; };
		EBB25FD62831D84F001416D8 /* UIImage+.swift in Sources */ = {isa = PBXBuildFile; fileRef = EBB25FD52831D84F001416D8 /* UIImage+.swift */; };
		EBB25FDC2831DA86001416D8 /* Adjusted+.swift in Sources */ = {isa = PBXBuildFile; fileRef = EBB25FDB2831DA86001416D8 /* Adjusted+.swift */; };
		EBB25FDE2831DAB4001416D8 /* Storyboarded.swift in Sources */ = {isa = PBXBuildFile; fileRef = EBB25FDD2831DAB4001416D8 /* Storyboarded.swift */; };
		EBB25FE02831E6B1001416D8 /* addSubViewFromNib.swift in Sources */ = {isa = PBXBuildFile; fileRef = EBB25FDF2831E6B1001416D8 /* addSubViewFromNib.swift */; };
		EBB25FE42831E803001416D8 /* BaseCoordinator.swift in Sources */ = {isa = PBXBuildFile; fileRef = EBB25FE32831E803001416D8 /* BaseCoordinator.swift */; };
		EBB25FE62831E81B001416D8 /* Presentable.swift in Sources */ = {isa = PBXBuildFile; fileRef = EBB25FE52831E81B001416D8 /* Presentable.swift */; };
		EBB25FE82831E865001416D8 /* CoordinatorFinishOutput.swift in Sources */ = {isa = PBXBuildFile; fileRef = EBB25FE72831E865001416D8 /* CoordinatorFinishOutput.swift */; };
		EBB25FEA2831E88D001416D8 /* BaseControllable.swift in Sources */ = {isa = PBXBuildFile; fileRef = EBB25FE92831E88D001416D8 /* BaseControllable.swift */; };
		EBB25FEC2831E8A2001416D8 /* Coordinator.swift in Sources */ = {isa = PBXBuildFile; fileRef = EBB25FEB2831E8A2001416D8 /* Coordinator.swift */; };
		EBB25FEF2831E8CA001416D8 /* LaunchInstructor.swift in Sources */ = {isa = PBXBuildFile; fileRef = EBB25FEE2831E8CA001416D8 /* LaunchInstructor.swift */; };
		EBB25FF22831E8EA001416D8 /* Router.swift in Sources */ = {isa = PBXBuildFile; fileRef = EBB25FF12831E8EA001416D8 /* Router.swift */; };
		EBB25FF52831E91C001416D8 /* ModuleFactory.swift in Sources */ = {isa = PBXBuildFile; fileRef = EBB25FF42831E91C001416D8 /* ModuleFactory.swift */; };
		EBB25FF72831E930001416D8 /* CoordinatorFactory.swift in Sources */ = {isa = PBXBuildFile; fileRef = EBB25FF62831E930001416D8 /* CoordinatorFactory.swift */; };
		EBB25FF92831EB2E001416D8 /* controllerFromStoryBoard.swift in Sources */ = {isa = PBXBuildFile; fileRef = EBB25FF82831EB2E001416D8 /* controllerFromStoryBoard.swift */; };
		EBB25FFB2831EE7E001416D8 /* setRootViewController.swift in Sources */ = {isa = PBXBuildFile; fileRef = EBB25FFA2831EE7E001416D8 /* setRootViewController.swift */; };
		EBB25FFD2831EEF6001416D8 /* Logger.swift in Sources */ = {isa = PBXBuildFile; fileRef = EBB25FFC2831EEF6001416D8 /* Logger.swift */; };
		EBB25FFF2831EF11001416D8 /* JsonCoder.swift in Sources */ = {isa = PBXBuildFile; fileRef = EBB25FFE2831EF11001416D8 /* JsonCoder.swift */; };
		EBB260012831EFDE001416D8 /* ShowToast.swift in Sources */ = {isa = PBXBuildFile; fileRef = EBB260002831EFDE001416D8 /* ShowToast.swift */; };
		EBB260032831F137001416D8 /* setImage.swift in Sources */ = {isa = PBXBuildFile; fileRef = EBB260022831F137001416D8 /* setImage.swift */; };
		EBB260052831F18D001416D8 /* setDefaultFonts.swift in Sources */ = {isa = PBXBuildFile; fileRef = EBB260042831F18D001416D8 /* setDefaultFonts.swift */; };
		EBB260072831F1B2001416D8 /* buttonPress.swift in Sources */ = {isa = PBXBuildFile; fileRef = EBB260062831F1B2001416D8 /* buttonPress.swift */; };
		EBB260092831F273001416D8 /* manageObserverAction.swift in Sources */ = {isa = PBXBuildFile; fileRef = EBB260082831F273001416D8 /* manageObserverAction.swift */; };
		EBB2600B2831F2A5001416D8 /* makeVibrate.swift in Sources */ = {isa = PBXBuildFile; fileRef = EBB2600A2831F2A5001416D8 /* makeVibrate.swift */; };
		EBB2600D2831F2D0001416D8 /* makeAlert.swift in Sources */ = {isa = PBXBuildFile; fileRef = EBB2600C2831F2D0001416D8 /* makeAlert.swift */; };
		EBB2600F2831F313001416D8 /* getClassName.swift in Sources */ = {isa = PBXBuildFile; fileRef = EBB2600E2831F313001416D8 /* getClassName.swift */; };
		EBB260112831F356001416D8 /* calculateTopInset.swift in Sources */ = {isa = PBXBuildFile; fileRef = EBB260102831F356001416D8 /* calculateTopInset.swift */; };
		EBB260132831F36E001416D8 /* calculatePastTime.swift in Sources */ = {isa = PBXBuildFile; fileRef = EBB260122831F36E001416D8 /* calculatePastTime.swift */; };
		EBB260152831F38D001416D8 /* applyShadow.swift in Sources */ = {isa = PBXBuildFile; fileRef = EBB260142831F38D001416D8 /* applyShadow.swift */; };
		EBB2601728321205001416D8 /* UITableViewRegisterable.swift in Sources */ = {isa = PBXBuildFile; fileRef = EBB2601628321205001416D8 /* UITableViewRegisterable.swift */; };
		EBB2601928321223001416D8 /* UICollectionViewRegisterable.swift in Sources */ = {isa = PBXBuildFile; fileRef = EBB2601828321222001416D8 /* UICollectionViewRegisterable.swift */; };
		EBB2601B28321236001416D8 /* ViewModelType.swift in Sources */ = {isa = PBXBuildFile; fileRef = EBB2601A28321236001416D8 /* ViewModelType.swift */; };
		EBB2601D28321538001416D8 /* StoryboardLiterals.swift in Sources */ = {isa = PBXBuildFile; fileRef = EBB2601C28321538001416D8 /* StoryboardLiterals.swift */; };
		EBB2602028321D1D001416D8 /* BaseVC.swift in Sources */ = {isa = PBXBuildFile; fileRef = EBB2601F28321D1D001416D8 /* BaseVC.swift */; };
		EBB2602728321E3F001416D8 /* PostDetailVC.swift in Sources */ = {isa = PBXBuildFile; fileRef = EBB2602628321E3F001416D8 /* PostDetailVC.swift */; };
		EBB26033283221D1001416D8 /* PostListVC.swift in Sources */ = {isa = PBXBuildFile; fileRef = EBB26032283221D1001416D8 /* PostListVC.swift */; };
		EBB260352832228D001416D8 /* PostDetail.storyboard in Resources */ = {isa = PBXBuildFile; fileRef = EBB260342832228D001416D8 /* PostDetail.storyboard */; };
		EBB26037283225D0001416D8 /* Result+.swift in Sources */ = {isa = PBXBuildFile; fileRef = EBB26036283225D0001416D8 /* Result+.swift */; };
		EBB26039283226BB001416D8 /* BaseNotiList.swift in Sources */ = {isa = PBXBuildFile; fileRef = EBB26038283226BB001416D8 /* BaseNotiList.swift */; };
		EBB2603B28322BB1001416D8 /* PostList.storyboard in Resources */ = {isa = PBXBuildFile; fileRef = EBB2603A28322BB1001416D8 /* PostList.storyboard */; };
		EBB2603D28322C19001416D8 /* PostWriteVC.swift in Sources */ = {isa = PBXBuildFile; fileRef = EBB2603C28322C19001416D8 /* PostWriteVC.swift */; };
		EBB2603F28322C21001416D8 /* PostWrite.storyboard in Resources */ = {isa = PBXBuildFile; fileRef = EBB2603E28322C21001416D8 /* PostWrite.storyboard */; };
		EBB2604128322F8A001416D8 /* ImageLiterals.swift in Sources */ = {isa = PBXBuildFile; fileRef = EBB2604028322F8A001416D8 /* ImageLiterals.swift */; };
		EBB2604528323248001416D8 /* MainTBC.swift in Sources */ = {isa = PBXBuildFile; fileRef = EBB2604428323248001416D8 /* MainTBC.swift */; };
		EBB2604828323369001416D8 /* TownVC.swift in Sources */ = {isa = PBXBuildFile; fileRef = EBB2604728323369001416D8 /* TownVC.swift */; };
		EBB2604A2832337D001416D8 /* AroundVC.swift in Sources */ = {isa = PBXBuildFile; fileRef = EBB260492832337D001416D8 /* AroundVC.swift */; };
		EBB2604C28323386001416D8 /* ChatVC.swift in Sources */ = {isa = PBXBuildFile; fileRef = EBB2604B28323386001416D8 /* ChatVC.swift */; };
		EBB2604E28323393001416D8 /* MyPageVC.swift in Sources */ = {isa = PBXBuildFile; fileRef = EBB2604D28323393001416D8 /* MyPageVC.swift */; };
		EBB260502832606B001416D8 /* Colors.xcassets in Resources */ = {isa = PBXBuildFile; fileRef = EBB2604F2832606B001416D8 /* Colors.xcassets */; };
		EBB260602833C6C9001416D8 /* Poppins-Light.ttf in Resources */ = {isa = PBXBuildFile; fileRef = EBB260582833C6C8001416D8 /* Poppins-Light.ttf */; };
		EBB260612833C6C9001416D8 /* NunitoSans-ExtraBold.ttf in Resources */ = {isa = PBXBuildFile; fileRef = EBB260592833C6C8001416D8 /* NunitoSans-ExtraBold.ttf */; };
		EBB260622833C6C9001416D8 /* NotoSansSC-Regular.otf in Resources */ = {isa = PBXBuildFile; fileRef = EBB2605A2833C6C8001416D8 /* NotoSansSC-Regular.otf */; };
		EBB260632833C6C9001416D8 /* NotoSansSC-Bold.otf in Resources */ = {isa = PBXBuildFile; fileRef = EBB2605B2833C6C9001416D8 /* NotoSansSC-Bold.otf */; };
		EBB260642833C6C9001416D8 /* Poppins-ExtraBold.ttf in Resources */ = {isa = PBXBuildFile; fileRef = EBB2605C2833C6C9001416D8 /* Poppins-ExtraBold.ttf */; };
		EBB260662833C6C9001416D8 /* Poppins-Medium.ttf in Resources */ = {isa = PBXBuildFile; fileRef = EBB2605E2833C6C9001416D8 /* Poppins-Medium.ttf */; };
		EBB260672833C6C9001416D8 /* Poppins-Regular.ttf in Resources */ = {isa = PBXBuildFile; fileRef = EBB2605F2833C6C9001416D8 /* Poppins-Regular.ttf */; };
		EBB2606B2833C9D6001416D8 /* Poppins-Bold.ttf in Resources */ = {isa = PBXBuildFile; fileRef = EBB2606A2833C9D6001416D8 /* Poppins-Bold.ttf */; };
		EBB2606D2833EB63001416D8 /* PostDetailBottomView.swift in Sources */ = {isa = PBXBuildFile; fileRef = EBB2606C2833EB63001416D8 /* PostDetailBottomView.swift */; };
		EBB2606F28341DD6001416D8 /* PostDetailUserHeader.swift in Sources */ = {isa = PBXBuildFile; fileRef = EBB2606E28341DD6001416D8 /* PostDetailUserHeader.swift */; };
		EBB2607128342D70001416D8 /* PostContentCVC.swift in Sources */ = {isa = PBXBuildFile; fileRef = EBB2607028342D70001416D8 /* PostContentCVC.swift */; };
		EBB260742834ABF8001416D8 /* PostDetailCVLayout.swift in Sources */ = {isa = PBXBuildFile; fileRef = EBB260732834ABF8001416D8 /* PostDetailCVLayout.swift */; };
		EBB260762834BA0A001416D8 /* PostImageCVC.swift in Sources */ = {isa = PBXBuildFile; fileRef = EBB260752834BA0A001416D8 /* PostImageCVC.swift */; };
		EBB260912836AAC9001416D8 /* PostDetailViewModel.swift in Sources */ = {isa = PBXBuildFile; fileRef = EBB260902836AAC8001416D8 /* PostDetailViewModel.swift */; };
/* End PBXBuildFile section */

/* Begin PBXFileReference section */
		0A9DBF19FA6F6C795F23839B /* Pods-DaangnMarket-iOS.release.xcconfig */ = {isa = PBXFileReference; includeInIndex = 1; lastKnownFileType = text.xcconfig; name = "Pods-DaangnMarket-iOS.release.xcconfig"; path = "Target Support Files/Pods-DaangnMarket-iOS/Pods-DaangnMarket-iOS.release.xcconfig"; sourceTree = "<group>"; };
		8E6146D02834BC4C0032D8FF /* PhotoDataModel.swift */ = {isa = PBXFileReference; indentWidth = 4; lastKnownFileType = sourcecode.swift; path = PhotoDataModel.swift; sourceTree = "<group>"; };
		8EBAFFE12834F983003A8278 /* AddPhotoCVC.swift */ = {isa = PBXFileReference; lastKnownFileType = sourcecode.swift; path = AddPhotoCVC.swift; sourceTree = "<group>"; };
		8EBAFFE32834F9A9003A8278 /* ListPhotoCVC.swift */ = {isa = PBXFileReference; lastKnownFileType = sourcecode.swift; path = ListPhotoCVC.swift; sourceTree = "<group>"; };
		B7F05D5C0545EAFEED63B9D6 /* Pods_DaangnMarket_iOS.framework */ = {isa = PBXFileReference; explicitFileType = wrapper.framework; includeInIndex = 0; path = Pods_DaangnMarket_iOS.framework; sourceTree = BUILT_PRODUCTS_DIR; };
		E8133F19115414C0F7EC57B9 /* Pods-DaangnMarket-iOS.debug.xcconfig */ = {isa = PBXFileReference; includeInIndex = 1; lastKnownFileType = text.xcconfig; name = "Pods-DaangnMarket-iOS.debug.xcconfig"; path = "Target Support Files/Pods-DaangnMarket-iOS/Pods-DaangnMarket-iOS.debug.xcconfig"; sourceTree = "<group>"; };
		EBB25F7128311102001416D8 /* DaangnMarket-iOS.app */ = {isa = PBXFileReference; explicitFileType = wrapper.application; includeInIndex = 0; path = "DaangnMarket-iOS.app"; sourceTree = BUILT_PRODUCTS_DIR; };
		EBB25F7428311102001416D8 /* AppDelegate.swift */ = {isa = PBXFileReference; lastKnownFileType = sourcecode.swift; path = AppDelegate.swift; sourceTree = "<group>"; };
		EBB25F7628311102001416D8 /* SceneDelegate.swift */ = {isa = PBXFileReference; lastKnownFileType = sourcecode.swift; path = SceneDelegate.swift; sourceTree = "<group>"; };
		EBB25F7D28311103001416D8 /* Assets.xcassets */ = {isa = PBXFileReference; lastKnownFileType = folder.assetcatalog; path = Assets.xcassets; sourceTree = "<group>"; };
		EBB25F8028311103001416D8 /* Base */ = {isa = PBXFileReference; lastKnownFileType = file.storyboard; name = Base; path = Base.lproj/LaunchScreen.storyboard; sourceTree = "<group>"; };
		EBB25F8228311103001416D8 /* Info.plist */ = {isa = PBXFileReference; lastKnownFileType = text.plist.xml; path = Info.plist; sourceTree = "<group>"; };
		EBB25FA728311911001416D8 /* UIView+.swift */ = {isa = PBXFileReference; lastKnownFileType = sourcecode.swift; path = "UIView+.swift"; sourceTree = "<group>"; };
		EBB25FA928311926001416D8 /* UIStackView+.swift */ = {isa = PBXFileReference; lastKnownFileType = sourcecode.swift; path = "UIStackView+.swift"; sourceTree = "<group>"; };
		EBB25FAB28311937001416D8 /* UITextField+.swift */ = {isa = PBXFileReference; lastKnownFileType = sourcecode.swift; path = "UITextField+.swift"; sourceTree = "<group>"; };
		EBB25FAD2831194A001416D8 /* UILabel+.swift */ = {isa = PBXFileReference; lastKnownFileType = sourcecode.swift; path = "UILabel+.swift"; sourceTree = "<group>"; };
		EBB25FAF28311956001416D8 /* Reactive+.swift */ = {isa = PBXFileReference; lastKnownFileType = sourcecode.swift; path = "Reactive+.swift"; sourceTree = "<group>"; };
		EBB25FB128311D18001416D8 /* UIButton+.swift */ = {isa = PBXFileReference; lastKnownFileType = sourcecode.swift; path = "UIButton+.swift"; sourceTree = "<group>"; };
		EBB25FB328311D4E001416D8 /* UIColor+.swift */ = {isa = PBXFileReference; lastKnownFileType = sourcecode.swift; path = "UIColor+.swift"; sourceTree = "<group>"; };
		EBB25FB528311D65001416D8 /* UIFont+.swift */ = {isa = PBXFileReference; lastKnownFileType = sourcecode.swift; path = "UIFont+.swift"; sourceTree = "<group>"; };
		EBB25FB928311DE1001416D8 /* UITabBar+.swift */ = {isa = PBXFileReference; lastKnownFileType = sourcecode.swift; path = "UITabBar+.swift"; sourceTree = "<group>"; };
		EBB25FBB28311DF4001416D8 /* UITableView+.swift */ = {isa = PBXFileReference; lastKnownFileType = sourcecode.swift; path = "UITableView+.swift"; sourceTree = "<group>"; };
		EBB25FBD28311E38001416D8 /* UITextView+.swift */ = {isa = PBXFileReference; lastKnownFileType = sourcecode.swift; path = "UITextView+.swift"; sourceTree = "<group>"; };
		EBB25FBF28311E72001416D8 /* UIViewController+.swift */ = {isa = PBXFileReference; lastKnownFileType = sourcecode.swift; path = "UIViewController+.swift"; sourceTree = "<group>"; };
		EBB25FC128311E95001416D8 /* UserDefaults+.swift */ = {isa = PBXFileReference; lastKnownFileType = sourcecode.swift; path = "UserDefaults+.swift"; sourceTree = "<group>"; };
		EBB25FC328311EAD001416D8 /* String+.swift */ = {isa = PBXFileReference; lastKnownFileType = sourcecode.swift; path = "String+.swift"; sourceTree = "<group>"; };
		EBB25FD12831D7D2001416D8 /* UIDevice+.swift */ = {isa = PBXFileReference; lastKnownFileType = sourcecode.swift; path = "UIDevice+.swift"; sourceTree = "<group>"; };
		EBB25FD52831D84F001416D8 /* UIImage+.swift */ = {isa = PBXFileReference; lastKnownFileType = sourcecode.swift; path = "UIImage+.swift"; sourceTree = "<group>"; };
		EBB25FDB2831DA86001416D8 /* Adjusted+.swift */ = {isa = PBXFileReference; lastKnownFileType = sourcecode.swift; path = "Adjusted+.swift"; sourceTree = "<group>"; };
		EBB25FDD2831DAB4001416D8 /* Storyboarded.swift */ = {isa = PBXFileReference; lastKnownFileType = sourcecode.swift; path = Storyboarded.swift; sourceTree = "<group>"; };
		EBB25FDF2831E6B1001416D8 /* addSubViewFromNib.swift */ = {isa = PBXFileReference; lastKnownFileType = sourcecode.swift; path = addSubViewFromNib.swift; sourceTree = "<group>"; };
		EBB25FE32831E803001416D8 /* BaseCoordinator.swift */ = {isa = PBXFileReference; lastKnownFileType = sourcecode.swift; path = BaseCoordinator.swift; sourceTree = "<group>"; };
		EBB25FE52831E81B001416D8 /* Presentable.swift */ = {isa = PBXFileReference; lastKnownFileType = sourcecode.swift; path = Presentable.swift; sourceTree = "<group>"; };
		EBB25FE72831E865001416D8 /* CoordinatorFinishOutput.swift */ = {isa = PBXFileReference; lastKnownFileType = sourcecode.swift; path = CoordinatorFinishOutput.swift; sourceTree = "<group>"; };
		EBB25FE92831E88D001416D8 /* BaseControllable.swift */ = {isa = PBXFileReference; lastKnownFileType = sourcecode.swift; path = BaseControllable.swift; sourceTree = "<group>"; };
		EBB25FEB2831E8A2001416D8 /* Coordinator.swift */ = {isa = PBXFileReference; lastKnownFileType = sourcecode.swift; path = Coordinator.swift; sourceTree = "<group>"; };
		EBB25FEE2831E8CA001416D8 /* LaunchInstructor.swift */ = {isa = PBXFileReference; lastKnownFileType = sourcecode.swift; path = LaunchInstructor.swift; sourceTree = "<group>"; };
		EBB25FF12831E8EA001416D8 /* Router.swift */ = {isa = PBXFileReference; lastKnownFileType = sourcecode.swift; path = Router.swift; sourceTree = "<group>"; };
		EBB25FF42831E91C001416D8 /* ModuleFactory.swift */ = {isa = PBXFileReference; lastKnownFileType = sourcecode.swift; path = ModuleFactory.swift; sourceTree = "<group>"; };
		EBB25FF62831E930001416D8 /* CoordinatorFactory.swift */ = {isa = PBXFileReference; lastKnownFileType = sourcecode.swift; path = CoordinatorFactory.swift; sourceTree = "<group>"; };
		EBB25FF82831EB2E001416D8 /* controllerFromStoryBoard.swift */ = {isa = PBXFileReference; lastKnownFileType = sourcecode.swift; path = controllerFromStoryBoard.swift; sourceTree = "<group>"; };
		EBB25FFA2831EE7E001416D8 /* setRootViewController.swift */ = {isa = PBXFileReference; lastKnownFileType = sourcecode.swift; path = setRootViewController.swift; sourceTree = "<group>"; };
		EBB25FFC2831EEF6001416D8 /* Logger.swift */ = {isa = PBXFileReference; lastKnownFileType = sourcecode.swift; path = Logger.swift; sourceTree = "<group>"; };
		EBB25FFE2831EF11001416D8 /* JsonCoder.swift */ = {isa = PBXFileReference; lastKnownFileType = sourcecode.swift; path = JsonCoder.swift; sourceTree = "<group>"; };
		EBB260002831EFDE001416D8 /* ShowToast.swift */ = {isa = PBXFileReference; lastKnownFileType = sourcecode.swift; path = ShowToast.swift; sourceTree = "<group>"; };
		EBB260022831F137001416D8 /* setImage.swift */ = {isa = PBXFileReference; lastKnownFileType = sourcecode.swift; path = setImage.swift; sourceTree = "<group>"; };
		EBB260042831F18D001416D8 /* setDefaultFonts.swift */ = {isa = PBXFileReference; lastKnownFileType = sourcecode.swift; path = setDefaultFonts.swift; sourceTree = "<group>"; };
		EBB260062831F1B2001416D8 /* buttonPress.swift */ = {isa = PBXFileReference; lastKnownFileType = sourcecode.swift; path = buttonPress.swift; sourceTree = "<group>"; };
		EBB260082831F273001416D8 /* manageObserverAction.swift */ = {isa = PBXFileReference; lastKnownFileType = sourcecode.swift; path = manageObserverAction.swift; sourceTree = "<group>"; };
		EBB2600A2831F2A5001416D8 /* makeVibrate.swift */ = {isa = PBXFileReference; lastKnownFileType = sourcecode.swift; path = makeVibrate.swift; sourceTree = "<group>"; };
		EBB2600C2831F2D0001416D8 /* makeAlert.swift */ = {isa = PBXFileReference; lastKnownFileType = sourcecode.swift; path = makeAlert.swift; sourceTree = "<group>"; };
		EBB2600E2831F313001416D8 /* getClassName.swift */ = {isa = PBXFileReference; lastKnownFileType = sourcecode.swift; path = getClassName.swift; sourceTree = "<group>"; };
		EBB260102831F356001416D8 /* calculateTopInset.swift */ = {isa = PBXFileReference; lastKnownFileType = sourcecode.swift; path = calculateTopInset.swift; sourceTree = "<group>"; };
		EBB260122831F36E001416D8 /* calculatePastTime.swift */ = {isa = PBXFileReference; lastKnownFileType = sourcecode.swift; path = calculatePastTime.swift; sourceTree = "<group>"; };
		EBB260142831F38D001416D8 /* applyShadow.swift */ = {isa = PBXFileReference; lastKnownFileType = sourcecode.swift; path = applyShadow.swift; sourceTree = "<group>"; };
		EBB2601628321205001416D8 /* UITableViewRegisterable.swift */ = {isa = PBXFileReference; lastKnownFileType = sourcecode.swift; path = UITableViewRegisterable.swift; sourceTree = "<group>"; };
		EBB2601828321222001416D8 /* UICollectionViewRegisterable.swift */ = {isa = PBXFileReference; lastKnownFileType = sourcecode.swift; path = UICollectionViewRegisterable.swift; sourceTree = "<group>"; };
		EBB2601A28321236001416D8 /* ViewModelType.swift */ = {isa = PBXFileReference; lastKnownFileType = sourcecode.swift; path = ViewModelType.swift; sourceTree = "<group>"; };
		EBB2601C28321538001416D8 /* StoryboardLiterals.swift */ = {isa = PBXFileReference; lastKnownFileType = sourcecode.swift; path = StoryboardLiterals.swift; sourceTree = "<group>"; };
		EBB2601F28321D1D001416D8 /* BaseVC.swift */ = {isa = PBXFileReference; lastKnownFileType = sourcecode.swift; path = BaseVC.swift; sourceTree = "<group>"; };
		EBB2602628321E3F001416D8 /* PostDetailVC.swift */ = {isa = PBXFileReference; lastKnownFileType = sourcecode.swift; path = PostDetailVC.swift; sourceTree = "<group>"; };
		EBB26032283221D1001416D8 /* PostListVC.swift */ = {isa = PBXFileReference; lastKnownFileType = sourcecode.swift; path = PostListVC.swift; sourceTree = "<group>"; };
		EBB260342832228D001416D8 /* PostDetail.storyboard */ = {isa = PBXFileReference; lastKnownFileType = file.storyboard; path = PostDetail.storyboard; sourceTree = "<group>"; };
		EBB26036283225D0001416D8 /* Result+.swift */ = {isa = PBXFileReference; lastKnownFileType = sourcecode.swift; path = "Result+.swift"; sourceTree = "<group>"; };
		EBB26038283226BB001416D8 /* BaseNotiList.swift */ = {isa = PBXFileReference; lastKnownFileType = sourcecode.swift; path = BaseNotiList.swift; sourceTree = "<group>"; };
		EBB2603A28322BB1001416D8 /* PostList.storyboard */ = {isa = PBXFileReference; lastKnownFileType = file.storyboard; path = PostList.storyboard; sourceTree = "<group>"; };
		EBB2603C28322C19001416D8 /* PostWriteVC.swift */ = {isa = PBXFileReference; indentWidth = 4; lastKnownFileType = sourcecode.swift; path = PostWriteVC.swift; sourceTree = "<group>"; };
		EBB2603E28322C21001416D8 /* PostWrite.storyboard */ = {isa = PBXFileReference; lastKnownFileType = file.storyboard; path = PostWrite.storyboard; sourceTree = "<group>"; };
		EBB2604028322F8A001416D8 /* ImageLiterals.swift */ = {isa = PBXFileReference; lastKnownFileType = sourcecode.swift; path = ImageLiterals.swift; sourceTree = "<group>"; };
		EBB2604428323248001416D8 /* MainTBC.swift */ = {isa = PBXFileReference; lastKnownFileType = sourcecode.swift; path = MainTBC.swift; sourceTree = "<group>"; };
		EBB2604728323369001416D8 /* TownVC.swift */ = {isa = PBXFileReference; lastKnownFileType = sourcecode.swift; path = TownVC.swift; sourceTree = "<group>"; };
		EBB260492832337D001416D8 /* AroundVC.swift */ = {isa = PBXFileReference; lastKnownFileType = sourcecode.swift; path = AroundVC.swift; sourceTree = "<group>"; };
		EBB2604B28323386001416D8 /* ChatVC.swift */ = {isa = PBXFileReference; lastKnownFileType = sourcecode.swift; path = ChatVC.swift; sourceTree = "<group>"; };
		EBB2604D28323393001416D8 /* MyPageVC.swift */ = {isa = PBXFileReference; lastKnownFileType = sourcecode.swift; path = MyPageVC.swift; sourceTree = "<group>"; };
		EBB2604F2832606B001416D8 /* Colors.xcassets */ = {isa = PBXFileReference; lastKnownFileType = folder.assetcatalog; path = Colors.xcassets; sourceTree = "<group>"; };
		EBB260582833C6C8001416D8 /* Poppins-Light.ttf */ = {isa = PBXFileReference; lastKnownFileType = file; path = "Poppins-Light.ttf"; sourceTree = "<group>"; };
		EBB260592833C6C8001416D8 /* NunitoSans-ExtraBold.ttf */ = {isa = PBXFileReference; lastKnownFileType = file; path = "NunitoSans-ExtraBold.ttf"; sourceTree = "<group>"; };
		EBB2605A2833C6C8001416D8 /* NotoSansSC-Regular.otf */ = {isa = PBXFileReference; lastKnownFileType = file; path = "NotoSansSC-Regular.otf"; sourceTree = "<group>"; };
		EBB2605B2833C6C9001416D8 /* NotoSansSC-Bold.otf */ = {isa = PBXFileReference; lastKnownFileType = file; path = "NotoSansSC-Bold.otf"; sourceTree = "<group>"; };
		EBB2605C2833C6C9001416D8 /* Poppins-ExtraBold.ttf */ = {isa = PBXFileReference; lastKnownFileType = file; path = "Poppins-ExtraBold.ttf"; sourceTree = "<group>"; };
		EBB2605E2833C6C9001416D8 /* Poppins-Medium.ttf */ = {isa = PBXFileReference; lastKnownFileType = file; path = "Poppins-Medium.ttf"; sourceTree = "<group>"; };
		EBB2605F2833C6C9001416D8 /* Poppins-Regular.ttf */ = {isa = PBXFileReference; lastKnownFileType = file; path = "Poppins-Regular.ttf"; sourceTree = "<group>"; };
		EBB2606A2833C9D6001416D8 /* Poppins-Bold.ttf */ = {isa = PBXFileReference; lastKnownFileType = file; path = "Poppins-Bold.ttf"; sourceTree = "<group>"; };
		EBB2606C2833EB63001416D8 /* PostDetailBottomView.swift */ = {isa = PBXFileReference; lastKnownFileType = sourcecode.swift; path = PostDetailBottomView.swift; sourceTree = "<group>"; };
		EBB2606E28341DD6001416D8 /* PostDetailUserHeader.swift */ = {isa = PBXFileReference; lastKnownFileType = sourcecode.swift; path = PostDetailUserHeader.swift; sourceTree = "<group>"; };
		EBB2607028342D70001416D8 /* PostContentCVC.swift */ = {isa = PBXFileReference; lastKnownFileType = sourcecode.swift; path = PostContentCVC.swift; sourceTree = "<group>"; };
		EBB260732834ABF8001416D8 /* PostDetailCVLayout.swift */ = {isa = PBXFileReference; lastKnownFileType = sourcecode.swift; path = PostDetailCVLayout.swift; sourceTree = "<group>"; };
		EBB260752834BA0A001416D8 /* PostImageCVC.swift */ = {isa = PBXFileReference; lastKnownFileType = sourcecode.swift; path = PostImageCVC.swift; sourceTree = "<group>"; };
		EBB260902836AAC8001416D8 /* PostDetailViewModel.swift */ = {isa = PBXFileReference; lastKnownFileType = sourcecode.swift; path = PostDetailViewModel.swift; sourceTree = "<group>"; };
/* End PBXFileReference section */

/* Begin PBXFrameworksBuildPhase section */
		EBB25F6E28311102001416D8 /* Frameworks */ = {
			isa = PBXFrameworksBuildPhase;
			buildActionMask = 2147483647;
			files = (
				33FCCFC6B3A74A404D24D33E /* Pods_DaangnMarket_iOS.framework in Frameworks */,
			);
			runOnlyForDeploymentPostprocessing = 0;
		};
/* End PBXFrameworksBuildPhase section */

/* Begin PBXGroup section */
		32C7C963561B7832E031A446 /* Pods */ = {
			isa = PBXGroup;
			children = (
				E8133F19115414C0F7EC57B9 /* Pods-DaangnMarket-iOS.debug.xcconfig */,
				0A9DBF19FA6F6C795F23839B /* Pods-DaangnMarket-iOS.release.xcconfig */,
			);
			path = Pods;
			sourceTree = "<group>";
		};
		8E5675082834A98C00748B2F /* Views */ = {
			isa = PBXGroup;
			children = (
				EBB2603E28322C21001416D8 /* PostWrite.storyboard */,
				EBB2603C28322C19001416D8 /* PostWriteVC.swift */,
			);
			path = Views;
			sourceTree = "<group>";
		};
		8E56750D2834A9FB00748B2F /* Cells */ = {
			isa = PBXGroup;
			children = (
				8EBAFFE12834F983003A8278 /* AddPhotoCVC.swift */,
				8EBAFFE32834F9A9003A8278 /* ListPhotoCVC.swift */,
			);
			path = Cells;
			sourceTree = "<group>";
		};
		8E5675132834BB4100748B2F /* Model */ = {
			isa = PBXGroup;
			children = (
				8E6146D02834BC4C0032D8FF /* PhotoDataModel.swift */,
			);
			path = Model;
			sourceTree = "<group>";
		};
		8EBAFFE52836A0C7003A8278 /* Subin */ = {
			isa = PBXGroup;
			children = (
			);
			path = Subin;
			sourceTree = "<group>";
		};
		EBB25F6828311102001416D8 = {
			isa = PBXGroup;
			children = (
				EBB25F7328311102001416D8 /* DaangnMarket-iOS */,
				EBB25F7228311102001416D8 /* Products */,
				32C7C963561B7832E031A446 /* Pods */,
				F94A29A01BE128371292BB9E /* Frameworks */,
			);
			sourceTree = "<group>";
		};
		EBB25F7228311102001416D8 /* Products */ = {
			isa = PBXGroup;
			children = (
				EBB25F7128311102001416D8 /* DaangnMarket-iOS.app */,
			);
			name = Products;
			sourceTree = "<group>";
		};
		EBB25F7328311102001416D8 /* DaangnMarket-iOS */ = {
			isa = PBXGroup;
			children = (
				EBB25F8228311103001416D8 /* Info.plist */,
				EBB25F9428311431001416D8 /* Application */,
				EBB25F9528311488001416D8 /* Global */,
				EBB25F99283114A4001416D8 /* Utils */,
				EBB25F962831149F001416D8 /* Data */,
				EBB25F98283114A3001416D8 /* Domain */,
				EBB25F97283114A1001416D8 /* Presentation */,
			);
			path = "DaangnMarket-iOS";
			sourceTree = "<group>";
		};
		EBB25F9428311431001416D8 /* Application */ = {
			isa = PBXGroup;
			children = (
				EBB25F7628311102001416D8 /* SceneDelegate.swift */,
				EBB25F7428311102001416D8 /* AppDelegate.swift */,
				EBB25F9A283114DA001416D8 /* Coordinator */,
				EBB25F9B283114DF001416D8 /* Manager */,
			);
			path = Application;
			sourceTree = "<group>";
		};
		EBB25F9528311488001416D8 /* Global */ = {
			isa = PBXGroup;
			children = (
				EBB25FA02831150F001416D8 /* Supporting Files */,
				EBB25F9F2831150C001416D8 /* Resources */,
				EBB25F9E2831150B001416D8 /* Protocols */,
				EBB25F9C28311509001416D8 /* Extension */,
			);
			path = Global;
			sourceTree = "<group>";
		};
		EBB25F962831149F001416D8 /* Data */ = {
			isa = PBXGroup;
			children = (
				EBB25FA328311550001416D8 /* Repository */,
				EBB25FA22831154F001416D8 /* Network */,
			);
			path = Data;
			sourceTree = "<group>";
		};
		EBB25F97283114A1001416D8 /* Presentation */ = {
			isa = PBXGroup;
			children = (
				EBB2602128321D5F001416D8 /* Common */,
				EBB2602C2832212E001416D8 /* MainTabBar */,
				EBB25FA62831157F001416D8 /* Home */,
				EBB26046283232BA001416D8 /* OtherTabs */,
			);
			path = Presentation;
			sourceTree = "<group>";
		};
		EBB25F98283114A3001416D8 /* Domain */ = {
			isa = PBXGroup;
			children = (
				EBB25FA52831156D001416D8 /* Usecase */,
				EBB25FA428311568001416D8 /* Model */,
			);
			path = Domain;
			sourceTree = "<group>";
		};
		EBB25F99283114A4001416D8 /* Utils */ = {
			isa = PBXGroup;
			children = (
				EBB25FDB2831DA86001416D8 /* Adjusted+.swift */,
				EBB25FDF2831E6B1001416D8 /* addSubViewFromNib.swift */,
				EBB25FFA2831EE7E001416D8 /* setRootViewController.swift */,
				EBB25FFC2831EEF6001416D8 /* Logger.swift */,
				EBB25FFE2831EF11001416D8 /* JsonCoder.swift */,
				EBB260002831EFDE001416D8 /* ShowToast.swift */,
				EBB260022831F137001416D8 /* setImage.swift */,
				EBB260042831F18D001416D8 /* setDefaultFonts.swift */,
				EBB260062831F1B2001416D8 /* buttonPress.swift */,
				EBB260082831F273001416D8 /* manageObserverAction.swift */,
				EBB2600A2831F2A5001416D8 /* makeVibrate.swift */,
				EBB2600C2831F2D0001416D8 /* makeAlert.swift */,
				EBB2600E2831F313001416D8 /* getClassName.swift */,
				EBB260102831F356001416D8 /* calculateTopInset.swift */,
				EBB260122831F36E001416D8 /* calculatePastTime.swift */,
				EBB260142831F38D001416D8 /* applyShadow.swift */,
			);
			path = Utils;
			sourceTree = "<group>";
		};
		EBB25F9A283114DA001416D8 /* Coordinator */ = {
			isa = PBXGroup;
			children = (
				EBB25FF32831E908001416D8 /* Factory */,
				EBB25FF02831E8D8001416D8 /* Router */,
				EBB25FE12831E775001416D8 /* Base */,
				EBB25FE22831E7B1001416D8 /* Protocol */,
			);
			path = Coordinator;
			sourceTree = "<group>";
		};
		EBB25F9B283114DF001416D8 /* Manager */ = {
			isa = PBXGroup;
			children = (
			);
			path = Manager;
			sourceTree = "<group>";
		};
		EBB25F9C28311509001416D8 /* Extension */ = {
			isa = PBXGroup;
			children = (
				EBB25F9D2831150A001416D8 /* Literals */,
				EBB25FD42831D7F6001416D8 /* Design */,
				EBB25FD32831D7D7001416D8 /* UI */,
				EBB25FAF28311956001416D8 /* Reactive+.swift */,
				EBB26036283225D0001416D8 /* Result+.swift */,
				EBB25FC128311E95001416D8 /* UserDefaults+.swift */,
				EBB25FC328311EAD001416D8 /* String+.swift */,
			);
			path = Extension;
			sourceTree = "<group>";
		};
		EBB25F9D2831150A001416D8 /* Literals */ = {
			isa = PBXGroup;
			children = (
				EBB2601C28321538001416D8 /* StoryboardLiterals.swift */,
				EBB26038283226BB001416D8 /* BaseNotiList.swift */,
				EBB2604028322F8A001416D8 /* ImageLiterals.swift */,
			);
			path = Literals;
			sourceTree = "<group>";
		};
		EBB25F9E2831150B001416D8 /* Protocols */ = {
			isa = PBXGroup;
			children = (
				EBB25FDD2831DAB4001416D8 /* Storyboarded.swift */,
				EBB2601628321205001416D8 /* UITableViewRegisterable.swift */,
				EBB2601828321222001416D8 /* UICollectionViewRegisterable.swift */,
				EBB2601A28321236001416D8 /* ViewModelType.swift */,
			);
			path = Protocols;
			sourceTree = "<group>";
		};
		EBB25F9F2831150C001416D8 /* Resources */ = {
			isa = PBXGroup;
			children = (
				EBB260572833C6BB001416D8 /* Fonts */,
				EBB25F7D28311103001416D8 /* Assets.xcassets */,
				EBB2604F2832606B001416D8 /* Colors.xcassets */,
			);
			path = Resources;
			sourceTree = "<group>";
		};
		EBB25FA02831150F001416D8 /* Supporting Files */ = {
			isa = PBXGroup;
			children = (
				EBB25F7F28311103001416D8 /* LaunchScreen.storyboard */,
			);
			path = "Supporting Files";
			sourceTree = "<group>";
		};
		EBB25FA12831154B001416D8 /* Entity */ = {
			isa = PBXGroup;
			children = (
			);
			name = Entity;
			path = ../../../Data/Entity;
			sourceTree = "<group>";
		};
		EBB25FA22831154F001416D8 /* Network */ = {
			isa = PBXGroup;
			children = (
			);
			path = Network;
			sourceTree = "<group>";
		};
		EBB25FA328311550001416D8 /* Repository */ = {
			isa = PBXGroup;
			children = (
			);
			path = Repository;
			sourceTree = "<group>";
		};
		EBB25FA428311568001416D8 /* Model */ = {
			isa = PBXGroup;
			children = (
			);
			path = Model;
			sourceTree = "<group>";
		};
		EBB25FA52831156D001416D8 /* Usecase */ = {
			isa = PBXGroup;
			children = (
			);
			path = Usecase;
			sourceTree = "<group>";
		};
		EBB25FA62831157F001416D8 /* Home */ = {
			isa = PBXGroup;
			children = (
				EBB2602528321DC6001416D8 /* PostList */,
				EBB2602428321DBD001416D8 /* PostWrite */,
				EBB2602328321DB8001416D8 /* PostDetail */,
			);
			path = Home;
			sourceTree = "<group>";
		};
		EBB25FD32831D7D7001416D8 /* UI */ = {
			isa = PBXGroup;
			children = (
				EBB25FD12831D7D2001416D8 /* UIDevice+.swift */,
				EBB25FD52831D84F001416D8 /* UIImage+.swift */,
				EBB25FB928311DE1001416D8 /* UITabBar+.swift */,
				EBB25FBB28311DF4001416D8 /* UITableView+.swift */,
				EBB25FBF28311E72001416D8 /* UIViewController+.swift */,
				EBB25FA728311911001416D8 /* UIView+.swift */,
				EBB25FA928311926001416D8 /* UIStackView+.swift */,
				EBB25FAB28311937001416D8 /* UITextField+.swift */,
				EBB25FBD28311E38001416D8 /* UITextView+.swift */,
				EBB25FAD2831194A001416D8 /* UILabel+.swift */,
				EBB25FB128311D18001416D8 /* UIButton+.swift */,
			);
			path = UI;
			sourceTree = "<group>";
		};
		EBB25FD42831D7F6001416D8 /* Design */ = {
			isa = PBXGroup;
			children = (
				EBB25FB328311D4E001416D8 /* UIColor+.swift */,
				EBB25FB528311D65001416D8 /* UIFont+.swift */,
			);
			path = Design;
			sourceTree = "<group>";
		};
		EBB25FE12831E775001416D8 /* Base */ = {
			isa = PBXGroup;
			children = (
				EBB25FE32831E803001416D8 /* BaseCoordinator.swift */,
				EBB25FEE2831E8CA001416D8 /* LaunchInstructor.swift */,
			);
			path = Base;
			sourceTree = "<group>";
		};
		EBB25FE22831E7B1001416D8 /* Protocol */ = {
			isa = PBXGroup;
			children = (
				EBB25FE52831E81B001416D8 /* Presentable.swift */,
				EBB25FE72831E865001416D8 /* CoordinatorFinishOutput.swift */,
				EBB25FE92831E88D001416D8 /* BaseControllable.swift */,
				EBB25FEB2831E8A2001416D8 /* Coordinator.swift */,
			);
			path = Protocol;
			sourceTree = "<group>";
		};
		EBB25FF02831E8D8001416D8 /* Router */ = {
			isa = PBXGroup;
			children = (
				EBB25FF12831E8EA001416D8 /* Router.swift */,
			);
			path = Router;
			sourceTree = "<group>";
		};
		EBB25FF32831E908001416D8 /* Factory */ = {
			isa = PBXGroup;
			children = (
				EBB25FF42831E91C001416D8 /* ModuleFactory.swift */,
				EBB25FF62831E930001416D8 /* CoordinatorFactory.swift */,
				EBB25FF82831EB2E001416D8 /* controllerFromStoryBoard.swift */,
			);
			path = Factory;
			sourceTree = "<group>";
		};
		EBB2601E28321D11001416D8 /* Base */ = {
			isa = PBXGroup;
			children = (
				EBB2601F28321D1D001416D8 /* BaseVC.swift */,
			);
			path = Base;
			sourceTree = "<group>";
		};
		EBB2602128321D5F001416D8 /* Common */ = {
			isa = PBXGroup;
			children = (
				EBB2602228321D92001416D8 /* UIComponents */,
				EBB2601E28321D11001416D8 /* Base */,
			);
			path = Common;
			sourceTree = "<group>";
		};
		EBB2602228321D92001416D8 /* UIComponents */ = {
			isa = PBXGroup;
			children = (
			);
			path = UIComponents;
			sourceTree = "<group>";
		};
		EBB2602328321DB8001416D8 /* PostDetail */ = {
			isa = PBXGroup;
			children = (
				8EBAFFE52836A0C7003A8278 /* Subin */,
				EBB2602B2832211C001416D8 /* Junho */,
			);
			path = PostDetail;
			sourceTree = "<group>";
		};
		EBB2602428321DBD001416D8 /* PostWrite */ = {
			isa = PBXGroup;
			children = (
				EBB25FA12831154B001416D8 /* Entity */,
				8E5675132834BB4100748B2F /* Model */,
				8E56750D2834A9FB00748B2F /* Cells */,
				8E5675082834A98C00748B2F /* Views */,
			);
			path = PostWrite;
			sourceTree = "<group>";
		};
		EBB2602528321DC6001416D8 /* PostList */ = {
			isa = PBXGroup;
			children = (
				EBB2603A28322BB1001416D8 /* PostList.storyboard */,
				EBB26032283221D1001416D8 /* PostListVC.swift */,
				EBB26031283221B4001416D8 /* Views */,
				EBB2602D28322168001416D8 /* Cells */,
			);
			path = PostList;
			sourceTree = "<group>";
		};
		EBB2602928321E4C001416D8 /* Views */ = {
			isa = PBXGroup;
			children = (
				EBB2606C2833EB63001416D8 /* PostDetailBottomView.swift */,
				EBB2606E28341DD6001416D8 /* PostDetailUserHeader.swift */,
			);
			path = Views;
			sourceTree = "<group>";
		};
		EBB2602A28321E50001416D8 /* Cells */ = {
			isa = PBXGroup;
			children = (
				EBB260752834BA0A001416D8 /* PostImageCVC.swift */,
				EBB2607028342D70001416D8 /* PostContentCVC.swift */,
			);
			path = Cells;
			sourceTree = "<group>";
		};
		EBB2602B2832211C001416D8 /* Junho */ = {
			isa = PBXGroup;
			children = (
				EBB260342832228D001416D8 /* PostDetail.storyboard */,
				EBB2602628321E3F001416D8 /* PostDetailVC.swift */,
				EBB260722834ABBA001416D8 /* Layout */,
				EBB2602E28322182001416D8 /* ViewModel */,
				EBB2602928321E4C001416D8 /* Views */,
				EBB2602A28321E50001416D8 /* Cells */,
			);
			path = Junho;
			sourceTree = "<group>";
		};
		EBB2602C2832212E001416D8 /* MainTabBar */ = {
			isa = PBXGroup;
			children = (
				EBB2604428323248001416D8 /* MainTBC.swift */,
			);
			path = MainTabBar;
			sourceTree = "<group>";
		};
		EBB2602D28322168001416D8 /* Cells */ = {
			isa = PBXGroup;
			children = (
			);
			path = Cells;
			sourceTree = "<group>";
		};
		EBB2602E28322182001416D8 /* ViewModel */ = {
			isa = PBXGroup;
			children = (
				EBB260902836AAC8001416D8 /* PostDetailViewModel.swift */,
			);
			path = ViewModel;
			sourceTree = "<group>";
		};
		EBB26031283221B4001416D8 /* Views */ = {
			isa = PBXGroup;
			children = (
			);
			path = Views;
			sourceTree = "<group>";
		};
		EBB26046283232BA001416D8 /* OtherTabs */ = {
			isa = PBXGroup;
			children = (
				EBB2604728323369001416D8 /* TownVC.swift */,
				EBB260492832337D001416D8 /* AroundVC.swift */,
				EBB2604B28323386001416D8 /* ChatVC.swift */,
				EBB2604D28323393001416D8 /* MyPageVC.swift */,
			);
			path = OtherTabs;
			sourceTree = "<group>";
		};
		EBB260572833C6BB001416D8 /* Fonts */ = {
			isa = PBXGroup;
			children = (
				EBB2605B2833C6C9001416D8 /* NotoSansSC-Bold.otf */,
				EBB2605A2833C6C8001416D8 /* NotoSansSC-Regular.otf */,
				EBB260592833C6C8001416D8 /* NunitoSans-ExtraBold.ttf */,
				EBB2605C2833C6C9001416D8 /* Poppins-ExtraBold.ttf */,
				EBB2606A2833C9D6001416D8 /* Poppins-Bold.ttf */,
				EBB260582833C6C8001416D8 /* Poppins-Light.ttf */,
				EBB2605E2833C6C9001416D8 /* Poppins-Medium.ttf */,
				EBB2605F2833C6C9001416D8 /* Poppins-Regular.ttf */,
			);
			path = Fonts;
			sourceTree = "<group>";
		};
		EBB260722834ABBA001416D8 /* Layout */ = {
			isa = PBXGroup;
			children = (
				EBB260732834ABF8001416D8 /* PostDetailCVLayout.swift */,
			);
			path = Layout;
			sourceTree = "<group>";
		};
		F94A29A01BE128371292BB9E /* Frameworks */ = {
			isa = PBXGroup;
			children = (
				B7F05D5C0545EAFEED63B9D6 /* Pods_DaangnMarket_iOS.framework */,
			);
			name = Frameworks;
			sourceTree = "<group>";
		};
/* End PBXGroup section */

/* Begin PBXNativeTarget section */
		EBB25F7028311102001416D8 /* DaangnMarket-iOS */ = {
			isa = PBXNativeTarget;
			buildConfigurationList = EBB25F8528311103001416D8 /* Build configuration list for PBXNativeTarget "DaangnMarket-iOS" */;
			buildPhases = (
				CB1C0AFAC89F5A98EE0A57F3 /* [CP] Check Pods Manifest.lock */,
				EBB25F6D28311102001416D8 /* Sources */,
				EBB25F6E28311102001416D8 /* Frameworks */,
				EBB25F6F28311102001416D8 /* Resources */,
				541DD77FA8F929EA7D84CA55 /* [CP] Embed Pods Frameworks */,
			);
			buildRules = (
			);
			dependencies = (
			);
			name = "DaangnMarket-iOS";
			productName = "DaangnMarket-iOS";
			productReference = EBB25F7128311102001416D8 /* DaangnMarket-iOS.app */;
			productType = "com.apple.product-type.application";
		};
/* End PBXNativeTarget section */

/* Begin PBXProject section */
		EBB25F6928311102001416D8 /* Project object */ = {
			isa = PBXProject;
			attributes = {
				BuildIndependentTargetsInParallel = 1;
				LastSwiftUpdateCheck = 1330;
				LastUpgradeCheck = 1330;
				TargetAttributes = {
					EBB25F7028311102001416D8 = {
						CreatedOnToolsVersion = 13.3;
					};
				};
			};
			buildConfigurationList = EBB25F6C28311102001416D8 /* Build configuration list for PBXProject "DaangnMarket-iOS" */;
			compatibilityVersion = "Xcode 13.0";
			developmentRegion = en;
			hasScannedForEncodings = 0;
			knownRegions = (
				en,
				Base,
			);
			mainGroup = EBB25F6828311102001416D8;
			productRefGroup = EBB25F7228311102001416D8 /* Products */;
			projectDirPath = "";
			projectRoot = "";
			targets = (
				EBB25F7028311102001416D8 /* DaangnMarket-iOS */,
			);
		};
/* End PBXProject section */

/* Begin PBXResourcesBuildPhase section */
		EBB25F6F28311102001416D8 /* Resources */ = {
			isa = PBXResourcesBuildPhase;
			buildActionMask = 2147483647;
			files = (
				EBB260612833C6C9001416D8 /* NunitoSans-ExtraBold.ttf in Resources */,
				EBB260602833C6C9001416D8 /* Poppins-Light.ttf in Resources */,
				EBB2603F28322C21001416D8 /* PostWrite.storyboard in Resources */,
				EBB260662833C6C9001416D8 /* Poppins-Medium.ttf in Resources */,
				EBB2603B28322BB1001416D8 /* PostList.storyboard in Resources */,
				EBB25F8128311103001416D8 /* LaunchScreen.storyboard in Resources */,
				EBB260502832606B001416D8 /* Colors.xcassets in Resources */,
				EBB260352832228D001416D8 /* PostDetail.storyboard in Resources */,
				EBB260672833C6C9001416D8 /* Poppins-Regular.ttf in Resources */,
				EBB2606B2833C9D6001416D8 /* Poppins-Bold.ttf in Resources */,
				EBB25F7E28311103001416D8 /* Assets.xcassets in Resources */,
				EBB260622833C6C9001416D8 /* NotoSansSC-Regular.otf in Resources */,
				EBB260642833C6C9001416D8 /* Poppins-ExtraBold.ttf in Resources */,
				EBB260632833C6C9001416D8 /* NotoSansSC-Bold.otf in Resources */,
			);
			runOnlyForDeploymentPostprocessing = 0;
		};
/* End PBXResourcesBuildPhase section */

/* Begin PBXShellScriptBuildPhase section */
		541DD77FA8F929EA7D84CA55 /* [CP] Embed Pods Frameworks */ = {
			isa = PBXShellScriptBuildPhase;
			buildActionMask = 2147483647;
			files = (
			);
			inputFileListPaths = (
				"${PODS_ROOT}/Target Support Files/Pods-DaangnMarket-iOS/Pods-DaangnMarket-iOS-frameworks-${CONFIGURATION}-input-files.xcfilelist",
			);
			name = "[CP] Embed Pods Frameworks";
			outputFileListPaths = (
				"${PODS_ROOT}/Target Support Files/Pods-DaangnMarket-iOS/Pods-DaangnMarket-iOS-frameworks-${CONFIGURATION}-output-files.xcfilelist",
			);
			runOnlyForDeploymentPostprocessing = 0;
			shellPath = /bin/sh;
			shellScript = "\"${PODS_ROOT}/Target Support Files/Pods-DaangnMarket-iOS/Pods-DaangnMarket-iOS-frameworks.sh\"\n";
			showEnvVarsInLog = 0;
		};
		CB1C0AFAC89F5A98EE0A57F3 /* [CP] Check Pods Manifest.lock */ = {
			isa = PBXShellScriptBuildPhase;
			buildActionMask = 2147483647;
			files = (
			);
			inputFileListPaths = (
			);
			inputPaths = (
				"${PODS_PODFILE_DIR_PATH}/Podfile.lock",
				"${PODS_ROOT}/Manifest.lock",
			);
			name = "[CP] Check Pods Manifest.lock";
			outputFileListPaths = (
			);
			outputPaths = (
				"$(DERIVED_FILE_DIR)/Pods-DaangnMarket-iOS-checkManifestLockResult.txt",
			);
			runOnlyForDeploymentPostprocessing = 0;
			shellPath = /bin/sh;
			shellScript = "diff \"${PODS_PODFILE_DIR_PATH}/Podfile.lock\" \"${PODS_ROOT}/Manifest.lock\" > /dev/null\nif [ $? != 0 ] ; then\n    # print error to STDERR\n    echo \"error: The sandbox is not in sync with the Podfile.lock. Run 'pod install' or update your CocoaPods installation.\" >&2\n    exit 1\nfi\n# This output is used by Xcode 'outputs' to avoid re-running this script phase.\necho \"SUCCESS\" > \"${SCRIPT_OUTPUT_FILE_0}\"\n";
			showEnvVarsInLog = 0;
		};
/* End PBXShellScriptBuildPhase section */

/* Begin PBXSourcesBuildPhase section */
		EBB25F6D28311102001416D8 /* Sources */ = {
			isa = PBXSourcesBuildPhase;
			buildActionMask = 2147483647;
			files = (
				EBB2601D28321538001416D8 /* StoryboardLiterals.swift in Sources */,
				EBB2602728321E3F001416D8 /* PostDetailVC.swift in Sources */,
				EBB26037283225D0001416D8 /* Result+.swift in Sources */,
				EBB25FC228311E95001416D8 /* UserDefaults+.swift in Sources */,
				EBB25FAE2831194A001416D8 /* UILabel+.swift in Sources */,
				EBB260742834ABF8001416D8 /* PostDetailCVLayout.swift in Sources */,
				EBB26039283226BB001416D8 /* BaseNotiList.swift in Sources */,
				EBB25FA828311911001416D8 /* UIView+.swift in Sources */,
				EBB25FC028311E72001416D8 /* UIViewController+.swift in Sources */,
				EBB2604528323248001416D8 /* MainTBC.swift in Sources */,
				EBB25FB628311D65001416D8 /* UIFont+.swift in Sources */,
				EBB25FF22831E8EA001416D8 /* Router.swift in Sources */,
				EBB25FAC28311937001416D8 /* UITextField+.swift in Sources */,
				EBB2607128342D70001416D8 /* PostContentCVC.swift in Sources */,
				EBB260152831F38D001416D8 /* applyShadow.swift in Sources */,
				EBB2604E28323393001416D8 /* MyPageVC.swift in Sources */,
				EBB2600B2831F2A5001416D8 /* makeVibrate.swift in Sources */,
				EBB2604128322F8A001416D8 /* ImageLiterals.swift in Sources */,
				EBB26033283221D1001416D8 /* PostListVC.swift in Sources */,
				EBB25F7528311102001416D8 /* AppDelegate.swift in Sources */,
				EBB25FF72831E930001416D8 /* CoordinatorFactory.swift in Sources */,
				EBB2604A2832337D001416D8 /* AroundVC.swift in Sources */,
				EBB25FB028311956001416D8 /* Reactive+.swift in Sources */,
				8EBAFFE22834F983003A8278 /* AddPhotoCVC.swift in Sources */,
				EBB25FFB2831EE7E001416D8 /* setRootViewController.swift in Sources */,
				EBB2600F2831F313001416D8 /* getClassName.swift in Sources */,
				EBB25FEF2831E8CA001416D8 /* LaunchInstructor.swift in Sources */,
				EBB2604828323369001416D8 /* TownVC.swift in Sources */,
				EBB2604C28323386001416D8 /* ChatVC.swift in Sources */,
				EBB25FF92831EB2E001416D8 /* controllerFromStoryBoard.swift in Sources */,
				EBB2602028321D1D001416D8 /* BaseVC.swift in Sources */,
				EBB25FF52831E91C001416D8 /* ModuleFactory.swift in Sources */,
				EBB25FBC28311DF4001416D8 /* UITableView+.swift in Sources */,
				EBB25FBA28311DE1001416D8 /* UITabBar+.swift in Sources */,
				EBB2603D28322C19001416D8 /* PostWriteVC.swift in Sources */,
				EBB260032831F137001416D8 /* setImage.swift in Sources */,
				EBB260092831F273001416D8 /* manageObserverAction.swift in Sources */,
				EBB25FBE28311E38001416D8 /* UITextView+.swift in Sources */,
				8E6146D12834BC4C0032D8FF /* PhotoDataModel.swift in Sources */,
				EBB260072831F1B2001416D8 /* buttonPress.swift in Sources */,
				EBB25FDE2831DAB4001416D8 /* Storyboarded.swift in Sources */,
				EBB2601928321223001416D8 /* UICollectionViewRegisterable.swift in Sources */,
				EBB25FE82831E865001416D8 /* CoordinatorFinishOutput.swift in Sources */,
				EBB25FE62831E81B001416D8 /* Presentable.swift in Sources */,
				EBB25FEA2831E88D001416D8 /* BaseControllable.swift in Sources */,
				EBB25FEC2831E8A2001416D8 /* Coordinator.swift in Sources */,
				EBB260132831F36E001416D8 /* calculatePastTime.swift in Sources */,
				EBB25FE42831E803001416D8 /* BaseCoordinator.swift in Sources */,
				EBB260052831F18D001416D8 /* setDefaultFonts.swift in Sources */,
				8EBAFFE42834F9AA003A8278 /* ListPhotoCVC.swift in Sources */,
				EBB2601728321205001416D8 /* UITableViewRegisterable.swift in Sources */,
				EBB25F7728311102001416D8 /* SceneDelegate.swift in Sources */,
				EBB2600D2831F2D0001416D8 /* makeAlert.swift in Sources */,
				EBB25FE02831E6B1001416D8 /* addSubViewFromNib.swift in Sources */,
				EBB25FD22831D7D2001416D8 /* UIDevice+.swift in Sources */,
				EBB25FAA28311926001416D8 /* UIStackView+.swift in Sources */,
				EBB2606F28341DD6001416D8 /* PostDetailUserHeader.swift in Sources */,
				EBB260012831EFDE001416D8 /* ShowToast.swift in Sources */,
				EBB260112831F356001416D8 /* calculateTopInset.swift in Sources */,
				EBB25FC428311EAD001416D8 /* String+.swift in Sources */,
				EBB2601B28321236001416D8 /* ViewModelType.swift in Sources */,
				EBB25FFD2831EEF6001416D8 /* Logger.swift in Sources */,
				EBB2606D2833EB63001416D8 /* PostDetailBottomView.swift in Sources */,
				EBB25FB228311D18001416D8 /* UIButton+.swift in Sources */,
				EBB25FDC2831DA86001416D8 /* Adjusted+.swift in Sources */,
				EBB25FB428311D4E001416D8 /* UIColor+.swift in Sources */,
				EBB25FD62831D84F001416D8 /* UIImage+.swift in Sources */,
				EBB260762834BA0A001416D8 /* PostImageCVC.swift in Sources */,
				EBB25FFF2831EF11001416D8 /* JsonCoder.swift in Sources */,
				EBB260912836AAC9001416D8 /* PostDetailViewModel.swift in Sources */,
			);
			runOnlyForDeploymentPostprocessing = 0;
		};
/* End PBXSourcesBuildPhase section */

/* Begin PBXVariantGroup section */
		EBB25F7F28311103001416D8 /* LaunchScreen.storyboard */ = {
			isa = PBXVariantGroup;
			children = (
				EBB25F8028311103001416D8 /* Base */,
			);
			name = LaunchScreen.storyboard;
			sourceTree = "<group>";
		};
/* End PBXVariantGroup section */

/* Begin XCBuildConfiguration section */
		EBB25F8328311103001416D8 /* Debug */ = {
			isa = XCBuildConfiguration;
			buildSettings = {
				ALWAYS_SEARCH_USER_PATHS = NO;
				CLANG_ANALYZER_NONNULL = YES;
				CLANG_ANALYZER_NUMBER_OBJECT_CONVERSION = YES_AGGRESSIVE;
				CLANG_CXX_LANGUAGE_STANDARD = "gnu++17";
				CLANG_ENABLE_MODULES = YES;
				CLANG_ENABLE_OBJC_ARC = YES;
				CLANG_ENABLE_OBJC_WEAK = YES;
				CLANG_WARN_BLOCK_CAPTURE_AUTORELEASING = YES;
				CLANG_WARN_BOOL_CONVERSION = YES;
				CLANG_WARN_COMMA = YES;
				CLANG_WARN_CONSTANT_CONVERSION = YES;
				CLANG_WARN_DEPRECATED_OBJC_IMPLEMENTATIONS = YES;
				CLANG_WARN_DIRECT_OBJC_ISA_USAGE = YES_ERROR;
				CLANG_WARN_DOCUMENTATION_COMMENTS = YES;
				CLANG_WARN_EMPTY_BODY = YES;
				CLANG_WARN_ENUM_CONVERSION = YES;
				CLANG_WARN_INFINITE_RECURSION = YES;
				CLANG_WARN_INT_CONVERSION = YES;
				CLANG_WARN_NON_LITERAL_NULL_CONVERSION = YES;
				CLANG_WARN_OBJC_IMPLICIT_RETAIN_SELF = YES;
				CLANG_WARN_OBJC_LITERAL_CONVERSION = YES;
				CLANG_WARN_OBJC_ROOT_CLASS = YES_ERROR;
				CLANG_WARN_QUOTED_INCLUDE_IN_FRAMEWORK_HEADER = YES;
				CLANG_WARN_RANGE_LOOP_ANALYSIS = YES;
				CLANG_WARN_STRICT_PROTOTYPES = YES;
				CLANG_WARN_SUSPICIOUS_MOVE = YES;
				CLANG_WARN_UNGUARDED_AVAILABILITY = YES_AGGRESSIVE;
				CLANG_WARN_UNREACHABLE_CODE = YES;
				CLANG_WARN__DUPLICATE_METHOD_MATCH = YES;
				COPY_PHASE_STRIP = NO;
				DEBUG_INFORMATION_FORMAT = dwarf;
				ENABLE_STRICT_OBJC_MSGSEND = YES;
				ENABLE_TESTABILITY = YES;
				GCC_C_LANGUAGE_STANDARD = gnu11;
				GCC_DYNAMIC_NO_PIC = NO;
				GCC_NO_COMMON_BLOCKS = YES;
				GCC_OPTIMIZATION_LEVEL = 0;
				GCC_PREPROCESSOR_DEFINITIONS = (
					"DEBUG=1",
					"$(inherited)",
				);
				GCC_WARN_64_TO_32_BIT_CONVERSION = YES;
				GCC_WARN_ABOUT_RETURN_TYPE = YES_ERROR;
				GCC_WARN_UNDECLARED_SELECTOR = YES;
				GCC_WARN_UNINITIALIZED_AUTOS = YES_AGGRESSIVE;
				GCC_WARN_UNUSED_FUNCTION = YES;
				GCC_WARN_UNUSED_VARIABLE = YES;
				IPHONEOS_DEPLOYMENT_TARGET = 15.4;
				MTL_ENABLE_DEBUG_INFO = INCLUDE_SOURCE;
				MTL_FAST_MATH = YES;
				ONLY_ACTIVE_ARCH = YES;
				SDKROOT = iphoneos;
				SWIFT_ACTIVE_COMPILATION_CONDITIONS = DEBUG;
				SWIFT_OPTIMIZATION_LEVEL = "-Onone";
			};
			name = Debug;
		};
		EBB25F8428311103001416D8 /* Release */ = {
			isa = XCBuildConfiguration;
			buildSettings = {
				ALWAYS_SEARCH_USER_PATHS = NO;
				CLANG_ANALYZER_NONNULL = YES;
				CLANG_ANALYZER_NUMBER_OBJECT_CONVERSION = YES_AGGRESSIVE;
				CLANG_CXX_LANGUAGE_STANDARD = "gnu++17";
				CLANG_ENABLE_MODULES = YES;
				CLANG_ENABLE_OBJC_ARC = YES;
				CLANG_ENABLE_OBJC_WEAK = YES;
				CLANG_WARN_BLOCK_CAPTURE_AUTORELEASING = YES;
				CLANG_WARN_BOOL_CONVERSION = YES;
				CLANG_WARN_COMMA = YES;
				CLANG_WARN_CONSTANT_CONVERSION = YES;
				CLANG_WARN_DEPRECATED_OBJC_IMPLEMENTATIONS = YES;
				CLANG_WARN_DIRECT_OBJC_ISA_USAGE = YES_ERROR;
				CLANG_WARN_DOCUMENTATION_COMMENTS = YES;
				CLANG_WARN_EMPTY_BODY = YES;
				CLANG_WARN_ENUM_CONVERSION = YES;
				CLANG_WARN_INFINITE_RECURSION = YES;
				CLANG_WARN_INT_CONVERSION = YES;
				CLANG_WARN_NON_LITERAL_NULL_CONVERSION = YES;
				CLANG_WARN_OBJC_IMPLICIT_RETAIN_SELF = YES;
				CLANG_WARN_OBJC_LITERAL_CONVERSION = YES;
				CLANG_WARN_OBJC_ROOT_CLASS = YES_ERROR;
				CLANG_WARN_QUOTED_INCLUDE_IN_FRAMEWORK_HEADER = YES;
				CLANG_WARN_RANGE_LOOP_ANALYSIS = YES;
				CLANG_WARN_STRICT_PROTOTYPES = YES;
				CLANG_WARN_SUSPICIOUS_MOVE = YES;
				CLANG_WARN_UNGUARDED_AVAILABILITY = YES_AGGRESSIVE;
				CLANG_WARN_UNREACHABLE_CODE = YES;
				CLANG_WARN__DUPLICATE_METHOD_MATCH = YES;
				COPY_PHASE_STRIP = NO;
				DEBUG_INFORMATION_FORMAT = "dwarf-with-dsym";
				ENABLE_NS_ASSERTIONS = NO;
				ENABLE_STRICT_OBJC_MSGSEND = YES;
				GCC_C_LANGUAGE_STANDARD = gnu11;
				GCC_NO_COMMON_BLOCKS = YES;
				GCC_WARN_64_TO_32_BIT_CONVERSION = YES;
				GCC_WARN_ABOUT_RETURN_TYPE = YES_ERROR;
				GCC_WARN_UNDECLARED_SELECTOR = YES;
				GCC_WARN_UNINITIALIZED_AUTOS = YES_AGGRESSIVE;
				GCC_WARN_UNUSED_FUNCTION = YES;
				GCC_WARN_UNUSED_VARIABLE = YES;
				IPHONEOS_DEPLOYMENT_TARGET = 15.4;
				MTL_ENABLE_DEBUG_INFO = NO;
				MTL_FAST_MATH = YES;
				SDKROOT = iphoneos;
				SWIFT_COMPILATION_MODE = wholemodule;
				SWIFT_OPTIMIZATION_LEVEL = "-O";
				VALIDATE_PRODUCT = YES;
			};
			name = Release;
		};
		EBB25F8628311103001416D8 /* Debug */ = {
			isa = XCBuildConfiguration;
			baseConfigurationReference = E8133F19115414C0F7EC57B9 /* Pods-DaangnMarket-iOS.debug.xcconfig */;
			buildSettings = {
				ASSETCATALOG_COMPILER_APPICON_NAME = AppIcon;
				ASSETCATALOG_COMPILER_GLOBAL_ACCENT_COLOR_NAME = AccentColor;
				CODE_SIGN_STYLE = Automatic;
				CURRENT_PROJECT_VERSION = 1;
				DEVELOPMENT_TEAM = R6RDNJW78B;
				GENERATE_INFOPLIST_FILE = YES;
				INFOPLIST_FILE = "DaangnMarket-iOS/Info.plist";
				INFOPLIST_KEY_UIApplicationSupportsIndirectInputEvents = YES;
				INFOPLIST_KEY_UILaunchStoryboardName = LaunchScreen;
				INFOPLIST_KEY_UISupportedInterfaceOrientations_iPad = "UIInterfaceOrientationPortrait UIInterfaceOrientationPortraitUpsideDown UIInterfaceOrientationLandscapeLeft UIInterfaceOrientationLandscapeRight";
				INFOPLIST_KEY_UISupportedInterfaceOrientations_iPhone = "UIInterfaceOrientationPortrait UIInterfaceOrientationLandscapeLeft UIInterfaceOrientationLandscapeRight";
				LD_RUNPATH_SEARCH_PATHS = (
					"$(inherited)",
					"@executable_path/Frameworks",
				);
				MARKETING_VERSION = 1.0;
				PRODUCT_BUNDLE_IDENTIFIER = "com.seolagir.DaangnMarket-iOS";
				PRODUCT_NAME = "$(TARGET_NAME)";
				SWIFT_EMIT_LOC_STRINGS = YES;
				SWIFT_VERSION = 5.0;
				TARGETED_DEVICE_FAMILY = 1;
			};
			name = Debug;
		};
		EBB25F8728311103001416D8 /* Release */ = {
			isa = XCBuildConfiguration;
			baseConfigurationReference = 0A9DBF19FA6F6C795F23839B /* Pods-DaangnMarket-iOS.release.xcconfig */;
			buildSettings = {
				ASSETCATALOG_COMPILER_APPICON_NAME = AppIcon;
				ASSETCATALOG_COMPILER_GLOBAL_ACCENT_COLOR_NAME = AccentColor;
				CODE_SIGN_STYLE = Automatic;
				CURRENT_PROJECT_VERSION = 1;
				DEVELOPMENT_TEAM = R6RDNJW78B;
				GENERATE_INFOPLIST_FILE = YES;
				INFOPLIST_FILE = "DaangnMarket-iOS/Info.plist";
				INFOPLIST_KEY_UIApplicationSupportsIndirectInputEvents = YES;
				INFOPLIST_KEY_UILaunchStoryboardName = LaunchScreen;
				INFOPLIST_KEY_UISupportedInterfaceOrientations_iPad = "UIInterfaceOrientationPortrait UIInterfaceOrientationPortraitUpsideDown UIInterfaceOrientationLandscapeLeft UIInterfaceOrientationLandscapeRight";
				INFOPLIST_KEY_UISupportedInterfaceOrientations_iPhone = "UIInterfaceOrientationPortrait UIInterfaceOrientationLandscapeLeft UIInterfaceOrientationLandscapeRight";
				LD_RUNPATH_SEARCH_PATHS = (
					"$(inherited)",
					"@executable_path/Frameworks",
				);
				MARKETING_VERSION = 1.0;
				PRODUCT_BUNDLE_IDENTIFIER = "com.seolagir.DaangnMarket-iOS";
				PRODUCT_NAME = "$(TARGET_NAME)";
				SWIFT_EMIT_LOC_STRINGS = YES;
				SWIFT_VERSION = 5.0;
				TARGETED_DEVICE_FAMILY = 1;
			};
			name = Release;
		};
/* End XCBuildConfiguration section */

/* Begin XCConfigurationList section */
		EBB25F6C28311102001416D8 /* Build configuration list for PBXProject "DaangnMarket-iOS" */ = {
			isa = XCConfigurationList;
			buildConfigurations = (
				EBB25F8328311103001416D8 /* Debug */,
				EBB25F8428311103001416D8 /* Release */,
			);
			defaultConfigurationIsVisible = 0;
			defaultConfigurationName = Release;
		};
		EBB25F8528311103001416D8 /* Build configuration list for PBXNativeTarget "DaangnMarket-iOS" */ = {
			isa = XCConfigurationList;
			buildConfigurations = (
				EBB25F8628311103001416D8 /* Debug */,
				EBB25F8728311103001416D8 /* Release */,
			);
			defaultConfigurationIsVisible = 0;
			defaultConfigurationName = Release;
		};
/* End XCConfigurationList section */
	};
	rootObject = EBB25F6928311102001416D8 /* Project object */;
}
